
Microsoft Visual Studio Solution File, Format Version 12.00
# Visual Studio Version 16
VisualStudioVersion = 16.0.30804.86
MinimumVisualStudioVersion = 10.0.40219.1
Project("{FAE04EC0-301F-11D3-BF4B-00C04F79EFBC}") = "143", "143.csproj", "{6CB0E297-81F8-489F-9EF1-A35AF43D94AA}"
EndProject
Global
	GlobalSection(SolutionConfigurationPlatforms) = preSolution
		Debug|Any CPU = Debug|Any CPU
		Release|Any CPU = Release|Any CPU
	EndGlobalSection
	GlobalSection(ProjectConfigurationPlatforms) = postSolution
		{6CB0E297-81F8-489F-9EF1-A35AF43D94AA}.Debug|Any CPU.ActiveCfg = Debug|Any CPU
		{6CB0E297-81F8-489F-9EF1-A35AF43D94AA}.Debug|Any CPU.Build.0 = Debug|Any CPU
		{6CB0E297-81F8-489F-9EF1-A35AF43D94AA}.Release|Any CPU.ActiveCfg = Release|Any CPU
		{6CB0E297-81F8-489F-9EF1-A35AF43D94AA}.Release|Any CPU.Build.0 = Release|Any CPU
	EndGlobalSection
	GlobalSection(SolutionProperties) = preSolution
		HideSolutionNode = FALSE
	EndGlobalSection
	GlobalSection(ExtensibilityGlobals) = postSolution
		SolutionGuid = {F9B853E7-FFF0-432B-97F8-09C55F2EBF38}
	EndGlobalSection
EndGlobal
