
Microsoft Visual Studio Solution File, Format Version 12.00
# Visual Studio Version 16
VisualStudioVersion = 16.0.30804.86
MinimumVisualStudioVersion = 10.0.40219.1
Project("{FAE04EC0-301F-11D3-BF4B-00C04F79EFBC}") = "041", "041.csproj", "{22B05C56-CFCB-4A9E-8ED2-867A6AC0F6FE}"
EndProject
Global
	GlobalSection(SolutionConfigurationPlatforms) = preSolution
		Debug|Any CPU = Debug|Any CPU
		Release|Any CPU = Release|Any CPU
	EndGlobalSection
	GlobalSection(ProjectConfigurationPlatforms) = postSolution
		{22B05C56-CFCB-4A9E-8ED2-867A6AC0F6FE}.Debug|Any CPU.ActiveCfg = Debug|Any CPU
		{22B05C56-CFCB-4A9E-8ED2-867A6AC0F6FE}.Debug|Any CPU.Build.0 = Debug|Any CPU
		{22B05C56-CFCB-4A9E-8ED2-867A6AC0F6FE}.Release|Any CPU.ActiveCfg = Release|Any CPU
		{22B05C56-CFCB-4A9E-8ED2-867A6AC0F6FE}.Release|Any CPU.Build.0 = Release|Any CPU
	EndGlobalSection
	GlobalSection(SolutionProperties) = preSolution
		HideSolutionNode = FALSE
	EndGlobalSection
	GlobalSection(ExtensibilityGlobals) = postSolution
		SolutionGuid = {178775B3-4B3B-4D67-A01D-01FF0D47DF94}
	EndGlobalSection
EndGlobal
