
Microsoft Visual Studio Solution File, Format Version 12.00
# Visual Studio Version 16
VisualStudioVersion = 16.0.30804.86
MinimumVisualStudioVersion = 10.0.40219.1
Project("{FAE04EC0-301F-11D3-BF4B-00C04F79EFBC}") = "094", "094.csproj", "{6645D973-D7E9-485A-9202-D18A63757B20}"
EndProject
Global
	GlobalSection(SolutionConfigurationPlatforms) = preSolution
		Debug|Any CPU = Debug|Any CPU
		Release|Any CPU = Release|Any CPU
	EndGlobalSection
	GlobalSection(ProjectConfigurationPlatforms) = postSolution
		{6645D973-D7E9-485A-9202-D18A63757B20}.Debug|Any CPU.ActiveCfg = Debug|Any CPU
		{6645D973-D7E9-485A-9202-D18A63757B20}.Debug|Any CPU.Build.0 = Debug|Any CPU
		{6645D973-D7E9-485A-9202-D18A63757B20}.Release|Any CPU.ActiveCfg = Release|Any CPU
		{6645D973-D7E9-485A-9202-D18A63757B20}.Release|Any CPU.Build.0 = Release|Any CPU
	EndGlobalSection
	GlobalSection(SolutionProperties) = preSolution
		HideSolutionNode = FALSE
	EndGlobalSection
	GlobalSection(ExtensibilityGlobals) = postSolution
		SolutionGuid = {5A47E0C4-BC02-49F8-B946-C7919525E76F}
	EndGlobalSection
EndGlobal
