
Microsoft Visual Studio Solution File, Format Version 12.00
# Visual Studio Version 16
VisualStudioVersion = 16.0.30804.86
MinimumVisualStudioVersion = 10.0.40219.1
Project("{FAE04EC0-301F-11D3-BF4B-00C04F79EFBC}") = "022", "022.csproj", "{1128A07B-85AB-4381-A94E-DC172BBAAD6B}"
EndProject
Global
	GlobalSection(SolutionConfigurationPlatforms) = preSolution
		Debug|Any CPU = Debug|Any CPU
		Release|Any CPU = Release|Any CPU
	EndGlobalSection
	GlobalSection(ProjectConfigurationPlatforms) = postSolution
		{1128A07B-85AB-4381-A94E-DC172BBAAD6B}.Debug|Any CPU.ActiveCfg = Debug|Any CPU
		{1128A07B-85AB-4381-A94E-DC172BBAAD6B}.Debug|Any CPU.Build.0 = Debug|Any CPU
		{1128A07B-85AB-4381-A94E-DC172BBAAD6B}.Release|Any CPU.ActiveCfg = Release|Any CPU
		{1128A07B-85AB-4381-A94E-DC172BBAAD6B}.Release|Any CPU.Build.0 = Release|Any CPU
	EndGlobalSection
	GlobalSection(SolutionProperties) = preSolution
		HideSolutionNode = FALSE
	EndGlobalSection
	GlobalSection(ExtensibilityGlobals) = postSolution
		SolutionGuid = {29E01CA6-1293-4E64-BE4E-F2BB128B2E39}
	EndGlobalSection
EndGlobal
