
Microsoft Visual Studio Solution File, Format Version 12.00
# Visual Studio Version 16
VisualStudioVersion = 16.0.30804.86
MinimumVisualStudioVersion = 10.0.40219.1
Project("{FAE04EC0-301F-11D3-BF4B-00C04F79EFBC}") = "104", "104.csproj", "{BE539D7A-F486-49F0-A5E9-B1FA4C73C0B1}"
EndProject
Global
	GlobalSection(SolutionConfigurationPlatforms) = preSolution
		Debug|Any CPU = Debug|Any CPU
		Release|Any CPU = Release|Any CPU
	EndGlobalSection
	GlobalSection(ProjectConfigurationPlatforms) = postSolution
		{BE539D7A-F486-49F0-A5E9-B1FA4C73C0B1}.Debug|Any CPU.ActiveCfg = Debug|Any CPU
		{BE539D7A-F486-49F0-A5E9-B1FA4C73C0B1}.Debug|Any CPU.Build.0 = Debug|Any CPU
		{BE539D7A-F486-49F0-A5E9-B1FA4C73C0B1}.Release|Any CPU.ActiveCfg = Release|Any CPU
		{BE539D7A-F486-49F0-A5E9-B1FA4C73C0B1}.Release|Any CPU.Build.0 = Release|Any CPU
	EndGlobalSection
	GlobalSection(SolutionProperties) = preSolution
		HideSolutionNode = FALSE
	EndGlobalSection
	GlobalSection(ExtensibilityGlobals) = postSolution
		SolutionGuid = {B4D164D1-EEA1-49BA-B874-BFDDD4CC3D97}
	EndGlobalSection
EndGlobal
