
Microsoft Visual Studio Solution File, Format Version 12.00
# Visual Studio Version 16
VisualStudioVersion = 16.0.30804.86
MinimumVisualStudioVersion = 10.0.40219.1
Project("{FAE04EC0-301F-11D3-BF4B-00C04F79EFBC}") = "121", "121.csproj", "{52B0C34F-D31A-4B4E-9896-233306483D65}"
EndProject
Global
	GlobalSection(SolutionConfigurationPlatforms) = preSolution
		Debug|Any CPU = Debug|Any CPU
		Release|Any CPU = Release|Any CPU
	EndGlobalSection
	GlobalSection(ProjectConfigurationPlatforms) = postSolution
		{52B0C34F-D31A-4B4E-9896-233306483D65}.Debug|Any CPU.ActiveCfg = Debug|Any CPU
		{52B0C34F-D31A-4B4E-9896-233306483D65}.Debug|Any CPU.Build.0 = Debug|Any CPU
		{52B0C34F-D31A-4B4E-9896-233306483D65}.Release|Any CPU.ActiveCfg = Release|Any CPU
		{52B0C34F-D31A-4B4E-9896-233306483D65}.Release|Any CPU.Build.0 = Release|Any CPU
	EndGlobalSection
	GlobalSection(SolutionProperties) = preSolution
		HideSolutionNode = FALSE
	EndGlobalSection
	GlobalSection(ExtensibilityGlobals) = postSolution
		SolutionGuid = {87A7F592-42AD-4F53-AFD3-8867E08AB97E}
	EndGlobalSection
EndGlobal
