
Microsoft Visual Studio Solution File, Format Version 12.00
# Visual Studio Version 16
VisualStudioVersion = 16.0.30804.86
MinimumVisualStudioVersion = 10.0.40219.1
Project("{FAE04EC0-301F-11D3-BF4B-00C04F79EFBC}") = "093", "093.csproj", "{A554289A-EDB8-44D4-B2CD-1765CD4425C7}"
EndProject
Global
	GlobalSection(SolutionConfigurationPlatforms) = preSolution
		Debug|Any CPU = Debug|Any CPU
		Release|Any CPU = Release|Any CPU
	EndGlobalSection
	GlobalSection(ProjectConfigurationPlatforms) = postSolution
		{A554289A-EDB8-44D4-B2CD-1765CD4425C7}.Debug|Any CPU.ActiveCfg = Debug|Any CPU
		{A554289A-EDB8-44D4-B2CD-1765CD4425C7}.Debug|Any CPU.Build.0 = Debug|Any CPU
		{A554289A-EDB8-44D4-B2CD-1765CD4425C7}.Release|Any CPU.ActiveCfg = Release|Any CPU
		{A554289A-EDB8-44D4-B2CD-1765CD4425C7}.Release|Any CPU.Build.0 = Release|Any CPU
	EndGlobalSection
	GlobalSection(SolutionProperties) = preSolution
		HideSolutionNode = FALSE
	EndGlobalSection
	GlobalSection(ExtensibilityGlobals) = postSolution
		SolutionGuid = {DFAE2EA0-C52D-4502-A096-5F9DE9CDC400}
	EndGlobalSection
EndGlobal
