
Microsoft Visual Studio Solution File, Format Version 12.00
# Visual Studio Version 16
VisualStudioVersion = 16.0.30804.86
MinimumVisualStudioVersion = 10.0.40219.1
Project("{FAE04EC0-301F-11D3-BF4B-00C04F79EFBC}") = "105", "105.csproj", "{5E904CF3-5BE2-4956-8D73-D99E0B8C9EEC}"
EndProject
Global
	GlobalSection(SolutionConfigurationPlatforms) = preSolution
		Debug|Any CPU = Debug|Any CPU
		Release|Any CPU = Release|Any CPU
	EndGlobalSection
	GlobalSection(ProjectConfigurationPlatforms) = postSolution
		{5E904CF3-5BE2-4956-8D73-D99E0B8C9EEC}.Debug|Any CPU.ActiveCfg = Debug|Any CPU
		{5E904CF3-5BE2-4956-8D73-D99E0B8C9EEC}.Debug|Any CPU.Build.0 = Debug|Any CPU
		{5E904CF3-5BE2-4956-8D73-D99E0B8C9EEC}.Release|Any CPU.ActiveCfg = Release|Any CPU
		{5E904CF3-5BE2-4956-8D73-D99E0B8C9EEC}.Release|Any CPU.Build.0 = Release|Any CPU
	EndGlobalSection
	GlobalSection(SolutionProperties) = preSolution
		HideSolutionNode = FALSE
	EndGlobalSection
	GlobalSection(ExtensibilityGlobals) = postSolution
		SolutionGuid = {8A8AFCCE-7568-4DA2-A6D4-746AEE5092FF}
	EndGlobalSection
EndGlobal
