
Microsoft Visual Studio Solution File, Format Version 12.00
# Visual Studio Version 16
VisualStudioVersion = 16.0.30804.86
MinimumVisualStudioVersion = 10.0.40219.1
Project("{FAE04EC0-301F-11D3-BF4B-00C04F79EFBC}") = "091", "091.csproj", "{D239EBA7-668E-4F7F-9D8D-7297250BA93D}"
EndProject
Global
	GlobalSection(SolutionConfigurationPlatforms) = preSolution
		Debug|Any CPU = Debug|Any CPU
		Release|Any CPU = Release|Any CPU
	EndGlobalSection
	GlobalSection(ProjectConfigurationPlatforms) = postSolution
		{D239EBA7-668E-4F7F-9D8D-7297250BA93D}.Debug|Any CPU.ActiveCfg = Debug|Any CPU
		{D239EBA7-668E-4F7F-9D8D-7297250BA93D}.Debug|Any CPU.Build.0 = Debug|Any CPU
		{D239EBA7-668E-4F7F-9D8D-7297250BA93D}.Release|Any CPU.ActiveCfg = Release|Any CPU
		{D239EBA7-668E-4F7F-9D8D-7297250BA93D}.Release|Any CPU.Build.0 = Release|Any CPU
	EndGlobalSection
	GlobalSection(SolutionProperties) = preSolution
		HideSolutionNode = FALSE
	EndGlobalSection
	GlobalSection(ExtensibilityGlobals) = postSolution
		SolutionGuid = {5E4CCE4C-4420-4D51-937B-6AE9251BB07C}
	EndGlobalSection
EndGlobal
