
Microsoft Visual Studio Solution File, Format Version 12.00
# Visual Studio Version 16
VisualStudioVersion = 16.0.30804.86
MinimumVisualStudioVersion = 10.0.40219.1
Project("{FAE04EC0-301F-11D3-BF4B-00C04F79EFBC}") = "142", "142.csproj", "{1AF99951-C483-4AEF-8CC3-F24B5BA4C8F6}"
EndProject
Global
	GlobalSection(SolutionConfigurationPlatforms) = preSolution
		Debug|Any CPU = Debug|Any CPU
		Release|Any CPU = Release|Any CPU
	EndGlobalSection
	GlobalSection(ProjectConfigurationPlatforms) = postSolution
		{1AF99951-C483-4AEF-8CC3-F24B5BA4C8F6}.Debug|Any CPU.ActiveCfg = Debug|Any CPU
		{1AF99951-C483-4AEF-8CC3-F24B5BA4C8F6}.Debug|Any CPU.Build.0 = Debug|Any CPU
		{1AF99951-C483-4AEF-8CC3-F24B5BA4C8F6}.Release|Any CPU.ActiveCfg = Release|Any CPU
		{1AF99951-C483-4AEF-8CC3-F24B5BA4C8F6}.Release|Any CPU.Build.0 = Release|Any CPU
	EndGlobalSection
	GlobalSection(SolutionProperties) = preSolution
		HideSolutionNode = FALSE
	EndGlobalSection
	GlobalSection(ExtensibilityGlobals) = postSolution
		SolutionGuid = {C4F91CA8-E287-4F6C-9AF1-9363640E5F38}
	EndGlobalSection
EndGlobal
