
Microsoft Visual Studio Solution File, Format Version 12.00
# Visual Studio Version 16
VisualStudioVersion = 16.0.30804.86
MinimumVisualStudioVersion = 10.0.40219.1
Project("{FAE04EC0-301F-11D3-BF4B-00C04F79EFBC}") = "146", "146.csproj", "{09ACB326-E7C0-47DC-9EBE-190EBFEBE21D}"
EndProject
Global
	GlobalSection(SolutionConfigurationPlatforms) = preSolution
		Debug|Any CPU = Debug|Any CPU
		Release|Any CPU = Release|Any CPU
	EndGlobalSection
	GlobalSection(ProjectConfigurationPlatforms) = postSolution
		{09ACB326-E7C0-47DC-9EBE-190EBFEBE21D}.Debug|Any CPU.ActiveCfg = Debug|Any CPU
		{09ACB326-E7C0-47DC-9EBE-190EBFEBE21D}.Debug|Any CPU.Build.0 = Debug|Any CPU
		{09ACB326-E7C0-47DC-9EBE-190EBFEBE21D}.Release|Any CPU.ActiveCfg = Release|Any CPU
		{09ACB326-E7C0-47DC-9EBE-190EBFEBE21D}.Release|Any CPU.Build.0 = Release|Any CPU
	EndGlobalSection
	GlobalSection(SolutionProperties) = preSolution
		HideSolutionNode = FALSE
	EndGlobalSection
	GlobalSection(ExtensibilityGlobals) = postSolution
		SolutionGuid = {73A66E66-0A7D-4545-B43B-241EF6599B3C}
	EndGlobalSection
EndGlobal
